
Microsoft Visual Studio Solution File, Format Version 12.00
# Visual Studio Version 17
VisualStudioVersion = 17.0.32014.148
MinimumVisualStudioVersion = 10.0.40219.1
Project("{9A19103F-16F7-4668-BE54-9A1E7A4F7556}") = "HRBlock.PlaywrightUI", "PlaywrightUILibrary\HRBlock.PlaywrightUI.csproj", "{6DD9239A-EB8C-4EE1-95DF-0193BAA499BE}"
EndProject
Project("{2150E333-8FDC-42A3-9474-1A3956D46DE8}") = "Solution Items", "Solution Items", "{BFE5132A-6121-4307-82CB-A8CB40BFCBAE}"
	ProjectSection(SolutionItems) = preProject
		azure-pipelines.yml = azure-pipelines.yml
		Prerelease-pipeline.yml = Prerelease-pipeline.yml
		runsettings.xml = runsettings.xml
	EndProjectSection
EndProject
Project("{9A19103F-16F7-4668-BE54-9A1E7A4F7556}") = "HRBlock.PlaywrightUI.Tests", "HRBlock.PlaywrightUI.Tests\HRBlock.PlaywrightUI.Tests.csproj", "{BEBE8E8E-9AA1-443C-A2B0-FA6136978D29}"
EndProject
Global
	GlobalSection(SolutionConfigurationPlatforms) = preSolution
		Debug|Any CPU = Debug|Any CPU
		Release|Any CPU = Release|Any CPU
	EndGlobalSection
	GlobalSection(ProjectConfigurationPlatforms) = postSolution
		{6DD9239A-EB8C-4EE1-95DF-0193BAA499BE}.Debug|Any CPU.ActiveCfg = Debug|Any CPU
		{6DD9239A-EB8C-4EE1-95DF-0193BAA499BE}.Debug|Any CPU.Build.0 = Debug|Any CPU
		{6DD9239A-EB8C-4EE1-95DF-0193BAA499BE}.Release|Any CPU.ActiveCfg = Release|Any CPU
		{6DD9239A-EB8C-4EE1-95DF-0193BAA499BE}.Release|Any CPU.Build.0 = Release|Any CPU
		{BEBE8E8E-9AA1-443C-A2B0-FA6136978D29}.Debug|Any CPU.ActiveCfg = Debug|Any CPU
		{BEBE8E8E-9AA1-443C-A2B0-FA6136978D29}.Debug|Any CPU.Build.0 = Debug|Any CPU
		{BEBE8E8E-9AA1-443C-A2B0-FA6136978D29}.Release|Any CPU.ActiveCfg = Release|Any CPU
		{BEBE8E8E-9AA1-443C-A2B0-FA6136978D29}.Release|Any CPU.Build.0 = Release|Any CPU
	EndGlobalSection
	GlobalSection(SolutionProperties) = preSolution
		HideSolutionNode = FALSE
	EndGlobalSection
	GlobalSection(ExtensibilityGlobals) = postSolution
		SolutionGuid = {49A851F6-EBC4-4132-A8F7-CF55B88CC1B3}
	EndGlobalSection
EndGlobal
